
Microsoft Visual Studio Solution File, Format Version 12.00
# Visual Studio 15
VisualStudioVersion = 15.0.28307.645
MinimumVisualStudioVersion = 10.0.40219.1
Project("{8BC9CEB8-8B4A-11D0-8D11-00A0C91BC942}") = "HawcVccDemo", "HawcVccDemo\HawcVccDemo.vcxproj", "{38A94ABA-6068-4035-86B6-67CA489B021C}"
EndProject
Global
	GlobalSection(SolutionConfigurationPlatforms) = preSolution
		Debug|x64 = Debug|x64
		Debug|x86 = Debug|x86
		Release|x64 = Release|x64
		Release|x86 = Release|x86
	EndGlobalSection
	GlobalSection(ProjectConfigurationPlatforms) = postSolution
		{38A94ABA-6068-4035-86B6-67CA489B021C}.Debug|x64.ActiveCfg = Debug|x64
		{38A94ABA-6068-4035-86B6-67CA489B021C}.Debug|x64.Build.0 = Debug|x64
		{38A94ABA-6068-4035-86B6-67CA489B021C}.Debug|x86.ActiveCfg = Debug|Win32
		{38A94ABA-6068-4035-86B6-67CA489B021C}.Debug|x86.Build.0 = Debug|Win32
		{38A94ABA-6068-4035-86B6-67CA489B021C}.Release|x64.ActiveCfg = Release|x64
		{38A94ABA-6068-4035-86B6-67CA489B021C}.Release|x64.Build.0 = Release|x64
		{38A94ABA-6068-4035-86B6-67CA489B021C}.Release|x86.ActiveCfg = Release|Win32
		{38A94ABA-6068-4035-86B6-67CA489B021C}.Release|x86.Build.0 = Release|Win32
	EndGlobalSection
	GlobalSection(SolutionProperties) = preSolution
		HideSolutionNode = FALSE
	EndGlobalSection
	GlobalSection(ExtensibilityGlobals) = postSolution
		SolutionGuid = {C0ADB92D-E495-4A7E-B012-C56790DAE66D}
	EndGlobalSection
EndGlobal
